
Microsoft Visual Studio Solution File, Format Version 12.00
# Visual Studio Version 16
VisualStudioVersion = 16.6.30114.105
MinimumVisualStudioVersion = 10.0.40219.1
Project("{9A19103F-16F7-4668-BE54-9A1E7A4F7556}") = "R5T.T0072", "R5T.T0072\R5T.T0072.csproj", "{179589AF-7E84-4214-BBB8-47A481293CA4}"
EndProject
Project("{2150E333-8FDC-42A3-9474-1A3956D46DE8}") = "_Dependencies", "_Dependencies", "{9B909484-DBB9-4B43-BED3-2164F917FC43}"
EndProject
Project("{9A19103F-16F7-4668-BE54-9A1E7A4F7556}") = "R5T.L0013", "..\..\R5T.L0013\source\R5T.L0013\R5T.L0013.csproj", "{0F976C1B-C681-4FA2-8C8A-BCC5D82EFF02}"
EndProject
Global
	GlobalSection(SolutionConfigurationPlatforms) = preSolution
		Debug|Any CPU = Debug|Any CPU
		Debug|x64 = Debug|x64
		Debug|x86 = Debug|x86
		Release|Any CPU = Release|Any CPU
		Release|x64 = Release|x64
		Release|x86 = Release|x86
	EndGlobalSection
	GlobalSection(ProjectConfigurationPlatforms) = postSolution
		{179589AF-7E84-4214-BBB8-47A481293CA4}.Debug|Any CPU.ActiveCfg = Debug|Any CPU
		{179589AF-7E84-4214-BBB8-47A481293CA4}.Debug|Any CPU.Build.0 = Debug|Any CPU
		{179589AF-7E84-4214-BBB8-47A481293CA4}.Debug|x64.ActiveCfg = Debug|Any CPU
		{179589AF-7E84-4214-BBB8-47A481293CA4}.Debug|x64.Build.0 = Debug|Any CPU
		{179589AF-7E84-4214-BBB8-47A481293CA4}.Debug|x86.ActiveCfg = Debug|Any CPU
		{179589AF-7E84-4214-BBB8-47A481293CA4}.Debug|x86.Build.0 = Debug|Any CPU
		{179589AF-7E84-4214-BBB8-47A481293CA4}.Release|Any CPU.ActiveCfg = Release|Any CPU
		{179589AF-7E84-4214-BBB8-47A481293CA4}.Release|Any CPU.Build.0 = Release|Any CPU
		{179589AF-7E84-4214-BBB8-47A481293CA4}.Release|x64.ActiveCfg = Release|Any CPU
		{179589AF-7E84-4214-BBB8-47A481293CA4}.Release|x64.Build.0 = Release|Any CPU
		{179589AF-7E84-4214-BBB8-47A481293CA4}.Release|x86.ActiveCfg = Release|Any CPU
		{179589AF-7E84-4214-BBB8-47A481293CA4}.Release|x86.Build.0 = Release|Any CPU
		{0F976C1B-C681-4FA2-8C8A-BCC5D82EFF02}.Debug|Any CPU.ActiveCfg = Debug|Any CPU
		{0F976C1B-C681-4FA2-8C8A-BCC5D82EFF02}.Debug|Any CPU.Build.0 = Debug|Any CPU
		{0F976C1B-C681-4FA2-8C8A-BCC5D82EFF02}.Debug|x64.ActiveCfg = Debug|Any CPU
		{0F976C1B-C681-4FA2-8C8A-BCC5D82EFF02}.Debug|x64.Build.0 = Debug|Any CPU
		{0F976C1B-C681-4FA2-8C8A-BCC5D82EFF02}.Debug|x86.ActiveCfg = Debug|Any CPU
		{0F976C1B-C681-4FA2-8C8A-BCC5D82EFF02}.Debug|x86.Build.0 = Debug|Any CPU
		{0F976C1B-C681-4FA2-8C8A-BCC5D82EFF02}.Release|Any CPU.ActiveCfg = Release|Any CPU
		{0F976C1B-C681-4FA2-8C8A-BCC5D82EFF02}.Release|Any CPU.Build.0 = Release|Any CPU
		{0F976C1B-C681-4FA2-8C8A-BCC5D82EFF02}.Release|x64.ActiveCfg = Release|Any CPU
		{0F976C1B-C681-4FA2-8C8A-BCC5D82EFF02}.Release|x64.Build.0 = Release|Any CPU
		{0F976C1B-C681-4FA2-8C8A-BCC5D82EFF02}.Release|x86.ActiveCfg = Release|Any CPU
		{0F976C1B-C681-4FA2-8C8A-BCC5D82EFF02}.Release|x86.Build.0 = Release|Any CPU
	EndGlobalSection
	GlobalSection(SolutionProperties) = preSolution
		HideSolutionNode = FALSE
	EndGlobalSection
	GlobalSection(NestedProjects) = preSolution
		{0F976C1B-C681-4FA2-8C8A-BCC5D82EFF02} = {9B909484-DBB9-4B43-BED3-2164F917FC43}
	EndGlobalSection
	GlobalSection(ExtensibilityGlobals) = postSolution
		SolutionGuid = {4878AFC1-8388-4022-9BC5-7FE3EDF4A94A}
	EndGlobalSection
EndGlobal
